{
  "name": "a01-susewell",
  "version": "0.0.1",
  "lockfileVersion": 1,
  "requires": true,
  "dependencies": {
    "minimist": {
      "version": "1.2.6",
      "resolved": "https://registry.npmjs.org/minimist/-/minimist-1.2.6.tgz",
      "integrity": "sha512-Jsjnk4bw3YJqYzbdyBiNsPWHPfO++UGG749Cxs6peCu5Xg4nrena6OVxOYxrQTqww0Jmwt+Ref8rggumkTLz9Q=="
    },
    "tunnel": {
      "version": "0.0.2",
      "resolved": "https://registry.npmjs.org/tunnel/-/tunnel-0.0.2.tgz",
      "integrity": "sha1-8jvNi3p7ioZCYbIIT2b5MZM5YzQ="
    },
    "wget": {
      "version": "0.0.1",
      "resolved": "https://registry.npmjs.org/wget/-/wget-0.0.1.tgz",
      "integrity": "sha1-i7ga8LjmC13yYtPIHlc34fSTHlM=",
      "requires": {
        "tunnel": "0.0.2"
      }
    }
  }
}
